// !$*UTF8*$!
{
	archiveVersion = 1;
	classes = {
	};
	objectVersion = 50;
	objects = {

/* Begin PBXBuildFile section */
		9B1FA5892473458F00DFA258 /* Extensions.swift in Sources */ = {isa = PBXBuildFile; fileRef = 9B1FA5882473458F00DFA258 /* Extensions.swift */; };
		9B2217C923BAB6B900A58CF2 /* AmazingCloudKit.h in Headers */ = {isa = PBXBuildFile; fileRef = 9B2217C723BAB6B900A58CF2 /* AmazingCloudKit.h */; settings = {ATTRIBUTES = (Public, ); }; };
		9B2217D523BAB6CF00A58CF2 /* DiscoveryService.swift in Sources */ = {isa = PBXBuildFile; fileRef = 9B2217D123BAB6CF00A58CF2 /* DiscoveryService.swift */; };
		9B28718D2470320B00105CF1 /* CKRecordConvertible.swift in Sources */ = {isa = PBXBuildFile; fileRef = 9B28718C2470320B00105CF1 /* CKRecordConvertible.swift */; };
		9B2C6A2524526572009B4086 /* InviteService.swift in Sources */ = {isa = PBXBuildFile; fileRef = 9B2C6A2424526572009B4086 /* InviteService.swift */; };
		9B2C6A27245267C5009B4086 /* CustomZoneCreator.swift in Sources */ = {isa = PBXBuildFile; fileRef = 9B2C6A26245267C5009B4086 /* CustomZoneCreator.swift */; };
		9B2C6A4924539D3F009B4086 /* SubscriptionService.swift in Sources */ = {isa = PBXBuildFile; fileRef = 9B2C6A4824539D3F009B4086 /* SubscriptionService.swift */; };
		9B2C6A4B2453C78A009B4086 /* CustomZoneFetcher.swift in Sources */ = {isa = PBXBuildFile; fileRef = 9B2C6A4A2453C78A009B4086 /* CustomZoneFetcher.swift */; };
		9B2C6A4F2453D052009B4086 /* AllAppUsersDatabase.swift in Sources */ = {isa = PBXBuildFile; fileRef = 9B2C6A4E2453D052009B4086 /* AllAppUsersDatabase.swift */; };
		9B2C6A512453D07F009B4086 /* AuthenticatedUserDatabase.swift in Sources */ = {isa = PBXBuildFile; fileRef = 9B2C6A502453D07F009B4086 /* AuthenticatedUserDatabase.swift */; };
		9B2C6A532453D099009B4086 /* FriendsDatabase.swift in Sources */ = {isa = PBXBuildFile; fileRef = 9B2C6A522453D099009B4086 /* FriendsDatabase.swift */; };
		9B8D4FAE24690E33006490BC /* ReadableZone.swift in Sources */ = {isa = PBXBuildFile; fileRef = 9B8D4FAD24690E33006490BC /* ReadableZone.swift */; };
		9B8D4FB024690E5B006490BC /* WritableZone.swift in Sources */ = {isa = PBXBuildFile; fileRef = 9B8D4FAF24690E5B006490BC /* WritableZone.swift */; };
		9B8D4FB224698994006490BC /* AmazingUser.swift in Sources */ = {isa = PBXBuildFile; fileRef = 9B8D4FB124698994006490BC /* AmazingUser.swift */; };
		9B9DB0C82447BDC900746073 /* AmazingCloudKit.swift in Sources */ = {isa = PBXBuildFile; fileRef = 9B9DB0C72447BDC900746073 /* AmazingCloudKit.swift */; };
/* End PBXBuildFile section */

/* Begin PBXFileReference section */
		9B1FA5882473458F00DFA258 /* Extensions.swift */ = {isa = PBXFileReference; lastKnownFileType = sourcecode.swift; path = Extensions.swift; sourceTree = "<group>"; };
		9B2217C423BAB6B900A58CF2 /* AmazingCloudKit.framework */ = {isa = PBXFileReference; explicitFileType = wrapper.framework; includeInIndex = 0; path = AmazingCloudKit.framework; sourceTree = BUILT_PRODUCTS_DIR; };
		9B2217C723BAB6B900A58CF2 /* AmazingCloudKit.h */ = {isa = PBXFileReference; lastKnownFileType = sourcecode.c.h; path = AmazingCloudKit.h; sourceTree = "<group>"; };
		9B2217C823BAB6B900A58CF2 /* Info.plist */ = {isa = PBXFileReference; lastKnownFileType = text.plist.xml; path = Info.plist; sourceTree = "<group>"; };
		9B2217D123BAB6CF00A58CF2 /* DiscoveryService.swift */ = {isa = PBXFileReference; fileEncoding = 4; lastKnownFileType = sourcecode.swift; path = DiscoveryService.swift; sourceTree = "<group>"; };
		9B28718C2470320B00105CF1 /* CKRecordConvertible.swift */ = {isa = PBXFileReference; lastKnownFileType = sourcecode.swift; path = CKRecordConvertible.swift; sourceTree = "<group>"; };
		9B2C6A2424526572009B4086 /* InviteService.swift */ = {isa = PBXFileReference; lastKnownFileType = sourcecode.swift; path = InviteService.swift; sourceTree = "<group>"; };
		9B2C6A26245267C5009B4086 /* CustomZoneCreator.swift */ = {isa = PBXFileReference; lastKnownFileType = sourcecode.swift; path = CustomZoneCreator.swift; sourceTree = "<group>"; };
		9B2C6A4824539D3F009B4086 /* SubscriptionService.swift */ = {isa = PBXFileReference; lastKnownFileType = sourcecode.swift; path = SubscriptionService.swift; sourceTree = "<group>"; };
		9B2C6A4A2453C78A009B4086 /* CustomZoneFetcher.swift */ = {isa = PBXFileReference; lastKnownFileType = sourcecode.swift; path = CustomZoneFetcher.swift; sourceTree = "<group>"; };
		9B2C6A4E2453D052009B4086 /* AllAppUsersDatabase.swift */ = {isa = PBXFileReference; lastKnownFileType = sourcecode.swift; path = AllAppUsersDatabase.swift; sourceTree = "<group>"; };
		9B2C6A502453D07F009B4086 /* AuthenticatedUserDatabase.swift */ = {isa = PBXFileReference; lastKnownFileType = sourcecode.swift; path = AuthenticatedUserDatabase.swift; sourceTree = "<group>"; };
		9B2C6A522453D099009B4086 /* FriendsDatabase.swift */ = {isa = PBXFileReference; lastKnownFileType = sourcecode.swift; path = FriendsDatabase.swift; sourceTree = "<group>"; };
		9B8D4FAD24690E33006490BC /* ReadableZone.swift */ = {isa = PBXFileReference; lastKnownFileType = sourcecode.swift; path = ReadableZone.swift; sourceTree = "<group>"; };
		9B8D4FAF24690E5B006490BC /* WritableZone.swift */ = {isa = PBXFileReference; lastKnownFileType = sourcecode.swift; path = WritableZone.swift; sourceTree = "<group>"; };
		9B8D4FB124698994006490BC /* AmazingUser.swift */ = {isa = PBXFileReference; lastKnownFileType = sourcecode.swift; path = AmazingUser.swift; sourceTree = "<group>"; };
		9B9DB0C72447BDC900746073 /* AmazingCloudKit.swift */ = {isa = PBXFileReference; lastKnownFileType = sourcecode.swift; path = AmazingCloudKit.swift; sourceTree = "<group>"; };
/* End PBXFileReference section */

/* Begin PBXFrameworksBuildPhase section */
		9B2217C123BAB6B900A58CF2 /* Frameworks */ = {
			isa = PBXFrameworksBuildPhase;
			buildActionMask = 2147483647;
			files = (
			);
			runOnlyForDeploymentPostprocessing = 0;
		};
/* End PBXFrameworksBuildPhase section */

/* Begin PBXGroup section */
		9B2217BA23BAB6B900A58CF2 = {
			isa = PBXGroup;
			children = (
				9B2217C623BAB6B900A58CF2 /* AmazingCloudKit */,
				9B2217C523BAB6B900A58CF2 /* Products */,
			);
			sourceTree = "<group>";
		};
		9B2217C523BAB6B900A58CF2 /* Products */ = {
			isa = PBXGroup;
			children = (
				9B2217C423BAB6B900A58CF2 /* AmazingCloudKit.framework */,
			);
			name = Products;
			sourceTree = "<group>";
		};
		9B2217C623BAB6B900A58CF2 /* AmazingCloudKit */ = {
			isa = PBXGroup;
			children = (
				9B2217C723BAB6B900A58CF2 /* AmazingCloudKit.h */,
				9B2217C823BAB6B900A58CF2 /* Info.plist */,
				9B9DB0C72447BDC900746073 /* AmazingCloudKit.swift */,
				9B8D4FB124698994006490BC /* AmazingUser.swift */,
				9B28718C2470320B00105CF1 /* CKRecordConvertible.swift */,
				9B2C6A542453E3C4009B4086 /* Database */,
				9B2C6A552453E3DE009B4086 /* Services */,
			);
			path = AmazingCloudKit;
			sourceTree = "<group>";
		};
		9B2C6A542453E3C4009B4086 /* Database */ = {
			isa = PBXGroup;
			children = (
				9B2C6A4E2453D052009B4086 /* AllAppUsersDatabase.swift */,
				9B2C6A502453D07F009B4086 /* AuthenticatedUserDatabase.swift */,
				9B2C6A522453D099009B4086 /* FriendsDatabase.swift */,
			);
			path = Database;
			sourceTree = "<group>";
		};
		9B2C6A552453E3DE009B4086 /* Services */ = {
			isa = PBXGroup;
			children = (
				9B8D4FAD24690E33006490BC /* ReadableZone.swift */,
				9B8D4FAF24690E5B006490BC /* WritableZone.swift */,
				9B2C6A26245267C5009B4086 /* CustomZoneCreator.swift */,
				9B2C6A4A2453C78A009B4086 /* CustomZoneFetcher.swift */,
				9B2C6A2424526572009B4086 /* InviteService.swift */,
				9B2C6A4824539D3F009B4086 /* SubscriptionService.swift */,
				9B2217D123BAB6CF00A58CF2 /* DiscoveryService.swift */,
				9B1FA5882473458F00DFA258 /* Extensions.swift */,
			);
			path = Services;
			sourceTree = "<group>";
		};
/* End PBXGroup section */

/* Begin PBXHeadersBuildPhase section */
		9B2217BF23BAB6B900A58CF2 /* Headers */ = {
			isa = PBXHeadersBuildPhase;
			buildActionMask = 2147483647;
			files = (
				9B2217C923BAB6B900A58CF2 /* AmazingCloudKit.h in Headers */,
			);
			runOnlyForDeploymentPostprocessing = 0;
		};
/* End PBXHeadersBuildPhase section */

/* Begin PBXNativeTarget section */
		9B2217C323BAB6B900A58CF2 /* AmazingCloudKit */ = {
			isa = PBXNativeTarget;
			buildConfigurationList = 9B2217CC23BAB6B900A58CF2 /* Build configuration list for PBXNativeTarget "AmazingCloudKit" */;
			buildPhases = (
				9B2217BF23BAB6B900A58CF2 /* Headers */,
				9B2217C023BAB6B900A58CF2 /* Sources */,
				9B2217C123BAB6B900A58CF2 /* Frameworks */,
				9B2217C223BAB6B900A58CF2 /* Resources */,
			);
			buildRules = (
			);
			dependencies = (
			);
			name = AmazingCloudKit;
			productName = AmazingCloudKit;
			productReference = 9B2217C423BAB6B900A58CF2 /* AmazingCloudKit.framework */;
			productType = "com.apple.product-type.framework";
		};
/* End PBXNativeTarget section */

/* Begin PBXProject section */
		9B2217BB23BAB6B900A58CF2 /* Project object */ = {
			isa = PBXProject;
			attributes = {
				LastUpgradeCheck = 1120;
				ORGANIZATIONNAME = "Fernando Olivares";
				TargetAttributes = {
					9B2217C323BAB6B900A58CF2 = {
						CreatedOnToolsVersion = 11.2.1;
						LastSwiftMigration = 1120;
					};
				};
			};
			buildConfigurationList = 9B2217BE23BAB6B900A58CF2 /* Build configuration list for PBXProject "AmazingCloudKit" */;
			compatibilityVersion = "Xcode 9.3";
			developmentRegion = en;
			hasScannedForEncodings = 0;
			knownRegions = (
				en,
				Base,
			);
			mainGroup = 9B2217BA23BAB6B900A58CF2;
			productRefGroup = 9B2217C523BAB6B900A58CF2 /* Products */;
			projectDirPath = "";
			projectRoot = "";
			targets = (
				9B2217C323BAB6B900A58CF2 /* AmazingCloudKit */,
			);
		};
/* End PBXProject section */

/* Begin PBXResourcesBuildPhase section */
		9B2217C223BAB6B900A58CF2 /* Resources */ = {
			isa = PBXResourcesBuildPhase;
			buildActionMask = 2147483647;
			files = (
			);
			runOnlyForDeploymentPostprocessing = 0;
		};
/* End PBXResourcesBuildPhase section */

/* Begin PBXSourcesBuildPhase section */
		9B2217C023BAB6B900A58CF2 /* Sources */ = {
			isa = PBXSourcesBuildPhase;
			buildActionMask = 2147483647;
			files = (
				9B2C6A2524526572009B4086 /* InviteService.swift in Sources */,
				9B8D4FB024690E5B006490BC /* WritableZone.swift in Sources */,
				9B2C6A512453D07F009B4086 /* AuthenticatedUserDatabase.swift in Sources */,
				9B2C6A532453D099009B4086 /* FriendsDatabase.swift in Sources */,
				9B2C6A4B2453C78A009B4086 /* CustomZoneFetcher.swift in Sources */,
				9B2C6A4F2453D052009B4086 /* AllAppUsersDatabase.swift in Sources */,
				9B28718D2470320B00105CF1 /* CKRecordConvertible.swift in Sources */,
				9B2217D523BAB6CF00A58CF2 /* DiscoveryService.swift in Sources */,
				9B8D4FAE24690E33006490BC /* ReadableZone.swift in Sources */,
				9B2C6A27245267C5009B4086 /* CustomZoneCreator.swift in Sources */,
				9B2C6A4924539D3F009B4086 /* SubscriptionService.swift in Sources */,
				9B8D4FB224698994006490BC /* AmazingUser.swift in Sources */,
				9B9DB0C82447BDC900746073 /* AmazingCloudKit.swift in Sources */,
				9B1FA5892473458F00DFA258 /* Extensions.swift in Sources */,
			);
			runOnlyForDeploymentPostprocessing = 0;
		};
/* End PBXSourcesBuildPhase section */

/* Begin XCBuildConfiguration section */
		9B2217CA23BAB6B900A58CF2 /* Debug */ = {
			isa = XCBuildConfiguration;
			buildSettings = {
				ALWAYS_SEARCH_USER_PATHS = NO;
				CLANG_ANALYZER_NONNULL = YES;
				CLANG_ANALYZER_NUMBER_OBJECT_CONVERSION = YES_AGGRESSIVE;
				CLANG_CXX_LANGUAGE_STANDARD = "gnu++14";
				CLANG_CXX_LIBRARY = "libc++";
				CLANG_ENABLE_MODULES = YES;
				CLANG_ENABLE_OBJC_ARC = YES;
				CLANG_ENABLE_OBJC_WEAK = YES;
				CLANG_WARN_BLOCK_CAPTURE_AUTORELEASING = YES;
				CLANG_WARN_BOOL_CONVERSION = YES;
				CLANG_WARN_COMMA = YES;
				CLANG_WARN_CONSTANT_CONVERSION = YES;
				CLANG_WARN_DEPRECATED_OBJC_IMPLEMENTATIONS = YES;
				CLANG_WARN_DIRECT_OBJC_ISA_USAGE = YES_ERROR;
				CLANG_WARN_DOCUMENTATION_COMMENTS = YES;
				CLANG_WARN_EMPTY_BODY = YES;
				CLANG_WARN_ENUM_CONVERSION = YES;
				CLANG_WARN_INFINITE_RECURSION = YES;
				CLANG_WARN_INT_CONVERSION = YES;
				CLANG_WARN_NON_LITERAL_NULL_CONVERSION = YES;
				CLANG_WARN_OBJC_IMPLICIT_RETAIN_SELF = YES;
				CLANG_WARN_OBJC_LITERAL_CONVERSION = YES;
				CLANG_WARN_OBJC_ROOT_CLASS = YES_ERROR;
				CLANG_WARN_RANGE_LOOP_ANALYSIS = YES;
				CLANG_WARN_STRICT_PROTOTYPES = YES;
				CLANG_WARN_SUSPICIOUS_MOVE = YES;
				CLANG_WARN_UNGUARDED_AVAILABILITY = YES_AGGRESSIVE;
				CLANG_WARN_UNREACHABLE_CODE = YES;
				CLANG_WARN__DUPLICATE_METHOD_MATCH = YES;
				COPY_PHASE_STRIP = NO;
				CURRENT_PROJECT_VERSION = 1;
				DEBUG_INFORMATION_FORMAT = dwarf;
				ENABLE_STRICT_OBJC_MSGSEND = YES;
				ENABLE_TESTABILITY = YES;
				GCC_C_LANGUAGE_STANDARD = gnu11;
				GCC_DYNAMIC_NO_PIC = NO;
				GCC_NO_COMMON_BLOCKS = YES;
				GCC_OPTIMIZATION_LEVEL = 0;
				GCC_PREPROCESSOR_DEFINITIONS = (
					"DEBUG=1",
					"$(inherited)",
				);
				GCC_WARN_64_TO_32_BIT_CONVERSION = YES;
				GCC_WARN_ABOUT_RETURN_TYPE = YES_ERROR;
				GCC_WARN_UNDECLARED_SELECTOR = YES;
				GCC_WARN_UNINITIALIZED_AUTOS = YES_AGGRESSIVE;
				GCC_WARN_UNUSED_FUNCTION = YES;
				GCC_WARN_UNUSED_VARIABLE = YES;
				IPHONEOS_DEPLOYMENT_TARGET = 13.2;
				MTL_ENABLE_DEBUG_INFO = INCLUDE_SOURCE;
				MTL_FAST_MATH = YES;
				ONLY_ACTIVE_ARCH = YES;
				SDKROOT = iphoneos;
				SWIFT_ACTIVE_COMPILATION_CONDITIONS = DEBUG;
				SWIFT_OPTIMIZATION_LEVEL = "-Onone";
				VERSIONING_SYSTEM = "apple-generic";
				VERSION_INFO_PREFIX = "";
			};
			name = Debug;
		};
		9B2217CB23BAB6B900A58CF2 /* Release */ = {
			isa = XCBuildConfiguration;
			buildSettings = {
				ALWAYS_SEARCH_USER_PATHS = NO;
				CLANG_ANALYZER_NONNULL = YES;
				CLANG_ANALYZER_NUMBER_OBJECT_CONVERSION = YES_AGGRESSIVE;
				CLANG_CXX_LANGUAGE_STANDARD = "gnu++14";
				CLANG_CXX_LIBRARY = "libc++";
				CLANG_ENABLE_MODULES = YES;
				CLANG_ENABLE_OBJC_ARC = YES;
				CLANG_ENABLE_OBJC_WEAK = YES;
				CLANG_WARN_BLOCK_CAPTURE_AUTORELEASING = YES;
				CLANG_WARN_BOOL_CONVERSION = YES;
				CLANG_WARN_COMMA = YES;
				CLANG_WARN_CONSTANT_CONVERSION = YES;
				CLANG_WARN_DEPRECATED_OBJC_IMPLEMENTATIONS = YES;
				CLANG_WARN_DIRECT_OBJC_ISA_USAGE = YES_ERROR;
				CLANG_WARN_DOCUMENTATION_COMMENTS = YES;
				CLANG_WARN_EMPTY_BODY = YES;
				CLANG_WARN_ENUM_CONVERSION = YES;
				CLANG_WARN_INFINITE_RECURSION = YES;
				CLANG_WARN_INT_CONVERSION = YES;
				CLANG_WARN_NON_LITERAL_NULL_CONVERSION = YES;
				CLANG_WARN_OBJC_IMPLICIT_RETAIN_SELF = YES;
				CLANG_WARN_OBJC_LITERAL_CONVERSION = YES;
				CLANG_WARN_OBJC_ROOT_CLASS = YES_ERROR;
				CLANG_WARN_RANGE_LOOP_ANALYSIS = YES;
				CLANG_WARN_STRICT_PROTOTYPES = YES;
				CLANG_WARN_SUSPICIOUS_MOVE = YES;
				CLANG_WARN_UNGUARDED_AVAILABILITY = YES_AGGRESSIVE;
				CLANG_WARN_UNREACHABLE_CODE = YES;
				CLANG_WARN__DUPLICATE_METHOD_MATCH = YES;
				COPY_PHASE_STRIP = NO;
				CURRENT_PROJECT_VERSION = 1;
				DEBUG_INFORMATION_FORMAT = "dwarf-with-dsym";
				ENABLE_NS_ASSERTIONS = NO;
				ENABLE_STRICT_OBJC_MSGSEND = YES;
				GCC_C_LANGUAGE_STANDARD = gnu11;
				GCC_NO_COMMON_BLOCKS = YES;
				GCC_WARN_64_TO_32_BIT_CONVERSION = YES;
				GCC_WARN_ABOUT_RETURN_TYPE = YES_ERROR;
				GCC_WARN_UNDECLARED_SELECTOR = YES;
				GCC_WARN_UNINITIALIZED_AUTOS = YES_AGGRESSIVE;
				GCC_WARN_UNUSED_FUNCTION = YES;
				GCC_WARN_UNUSED_VARIABLE = YES;
				IPHONEOS_DEPLOYMENT_TARGET = 13.2;
				MTL_ENABLE_DEBUG_INFO = NO;
				MTL_FAST_MATH = YES;
				SDKROOT = iphoneos;
				SWIFT_COMPILATION_MODE = wholemodule;
				SWIFT_OPTIMIZATION_LEVEL = "-O";
				VALIDATE_PRODUCT = YES;
				VERSIONING_SYSTEM = "apple-generic";
				VERSION_INFO_PREFIX = "";
			};
			name = Release;
		};
		9B2217CD23BAB6B900A58CF2 /* Debug */ = {
			isa = XCBuildConfiguration;
			buildSettings = {
				CLANG_ENABLE_MODULES = YES;
				CODE_SIGN_STYLE = Automatic;
				DEFINES_MODULE = YES;
				DEVELOPMENT_TEAM = H8HSTBN8ZP;
				DYLIB_COMPATIBILITY_VERSION = 1;
				DYLIB_CURRENT_VERSION = 1;
				DYLIB_INSTALL_NAME_BASE = "@rpath";
				INFOPLIST_FILE = AmazingCloudKit/Info.plist;
				INSTALL_PATH = "$(LOCAL_LIBRARY_DIR)/Frameworks";
				IPHONEOS_DEPLOYMENT_TARGET = 12.0;
				LD_RUNPATH_SEARCH_PATHS = (
					"$(inherited)",
					"@executable_path/Frameworks",
					"@loader_path/Frameworks",
				);
				PRODUCT_BUNDLE_IDENTIFIER = olivaresf.AmazingCloudKit;
				PRODUCT_NAME = "$(TARGET_NAME:c99extidentifier)";
				SKIP_INSTALL = YES;
				SWIFT_OPTIMIZATION_LEVEL = "-Onone";
				SWIFT_VERSION = 5.0;
				TARGETED_DEVICE_FAMILY = "1,2";
			};
			name = Debug;
		};
		9B2217CE23BAB6B900A58CF2 /* Release */ = {
			isa = XCBuildConfiguration;
			buildSettings = {
				CLANG_ENABLE_MODULES = YES;
				CODE_SIGN_STYLE = Automatic;
				DEFINES_MODULE = YES;
				DEVELOPMENT_TEAM = H8HSTBN8ZP;
				DYLIB_COMPATIBILITY_VERSION = 1;
				DYLIB_CURRENT_VERSION = 1;
				DYLIB_INSTALL_NAME_BASE = "@rpath";
				INFOPLIST_FILE = AmazingCloudKit/Info.plist;
				INSTALL_PATH = "$(LOCAL_LIBRARY_DIR)/Frameworks";
				IPHONEOS_DEPLOYMENT_TARGET = 12.0;
				LD_RUNPATH_SEARCH_PATHS = (
					"$(inherited)",
					"@executable_path/Frameworks",
					"@loader_path/Frameworks",
				);
				PRODUCT_BUNDLE_IDENTIFIER = olivaresf.AmazingCloudKit;
				PRODUCT_NAME = "$(TARGET_NAME:c99extidentifier)";
				SKIP_INSTALL = YES;
				SWIFT_VERSION = 5.0;
				TARGETED_DEVICE_FAMILY = "1,2";
			};
			name = Release;
		};
/* End XCBuildConfiguration section */

/* Begin XCConfigurationList section */
		9B2217BE23BAB6B900A58CF2 /* Build configuration list for PBXProject "AmazingCloudKit" */ = {
			isa = XCConfigurationList;
			buildConfigurations = (
				9B2217CA23BAB6B900A58CF2 /* Debug */,
				9B2217CB23BAB6B900A58CF2 /* Release */,
			);
			defaultConfigurationIsVisible = 0;
			defaultConfigurationName = Release;
		};
		9B2217CC23BAB6B900A58CF2 /* Build configuration list for PBXNativeTarget "AmazingCloudKit" */ = {
			isa = XCConfigurationList;
			buildConfigurations = (
				9B2217CD23BAB6B900A58CF2 /* Debug */,
				9B2217CE23BAB6B900A58CF2 /* Release */,
			);
			defaultConfigurationIsVisible = 0;
			defaultConfigurationName = Release;
		};
/* End XCConfigurationList section */
	};
	rootObject = 9B2217BB23BAB6B900A58CF2 /* Project object */;
}
